
Microsoft Visual Studio Solution File, Format Version 12.00
# Visual Studio Version 16
VisualStudioVersion = 16.0.32407.337
MinimumVisualStudioVersion = 10.0.40219.1
Project("{FAE04EC0-301F-11D3-BF4B-00C04F79EFBC}") = "Integer to English Words", "Integer to English Words\Integer to English Words.csproj", "{D5098327-784B-4C6B-AC06-FD7DACF1CBB6}"
EndProject
Project("{2150E333-8FDC-42A3-9474-1A3956D46DE8}") = "Solution Items", "Solution Items", "{B40070A1-76EB-4931-A224-595CE29929D1}"
	ProjectSection(SolutionItems) = preProject
		.editorconfig = .editorconfig
	EndProjectSection
EndProject
Global
	GlobalSection(SolutionConfigurationPlatforms) = preSolution
		Debug|Any CPU = Debug|Any CPU
		Release|Any CPU = Release|Any CPU
	EndGlobalSection
	GlobalSection(ProjectConfigurationPlatforms) = postSolution
		{D5098327-784B-4C6B-AC06-FD7DACF1CBB6}.Debug|Any CPU.ActiveCfg = Debug|Any CPU
		{D5098327-784B-4C6B-AC06-FD7DACF1CBB6}.Debug|Any CPU.Build.0 = Debug|Any CPU
		{D5098327-784B-4C6B-AC06-FD7DACF1CBB6}.Release|Any CPU.ActiveCfg = Release|Any CPU
		{D5098327-784B-4C6B-AC06-FD7DACF1CBB6}.Release|Any CPU.Build.0 = Release|Any CPU
	EndGlobalSection
	GlobalSection(SolutionProperties) = preSolution
		HideSolutionNode = FALSE
	EndGlobalSection
	GlobalSection(ExtensibilityGlobals) = postSolution
		SolutionGuid = {7CCECC9B-11F3-4D80-86F3-03E42E81A317}
	EndGlobalSection
EndGlobal
