
Microsoft Visual Studio Solution File, Format Version 12.00
# Visual Studio Version 17
VisualStudioVersion = 17.1.32407.343
MinimumVisualStudioVersion = 10.0.40219.1
Project("{FAE04EC0-301F-11D3-BF4B-00C04F79EFBC}") = "Valid Anagram", "Valid Anagram\Valid Anagram.csproj", "{EF212E5C-8453-4DDF-A41A-4D3CB68E9227}"
EndProject
Global
	GlobalSection(SolutionConfigurationPlatforms) = preSolution
		Debug|Any CPU = Debug|Any CPU
		Release|Any CPU = Release|Any CPU
	EndGlobalSection
	GlobalSection(ProjectConfigurationPlatforms) = postSolution
		{EF212E5C-8453-4DDF-A41A-4D3CB68E9227}.Debug|Any CPU.ActiveCfg = Debug|Any CPU
		{EF212E5C-8453-4DDF-A41A-4D3CB68E9227}.Debug|Any CPU.Build.0 = Debug|Any CPU
		{EF212E5C-8453-4DDF-A41A-4D3CB68E9227}.Release|Any CPU.ActiveCfg = Release|Any CPU
		{EF212E5C-8453-4DDF-A41A-4D3CB68E9227}.Release|Any CPU.Build.0 = Release|Any CPU
	EndGlobalSection
	GlobalSection(SolutionProperties) = preSolution
		HideSolutionNode = FALSE
	EndGlobalSection
	GlobalSection(ExtensibilityGlobals) = postSolution
		SolutionGuid = {CC65E1D0-B436-4956-91EE-9E8C884881EF}
	EndGlobalSection
EndGlobal
